
Microsoft Visual Studio Solution File, Format Version 12.00
# Visual Studio Version 17
VisualStudioVersion = 17.3.32819.101
MinimumVisualStudioVersion = 10.0.40219.1
Project("{9A19103F-16F7-4668-BE54-9A1E7A4F7556}") = "ContosoPizza", "ContosoPizza.csproj", "{84A20D39-010C-4DE3-8EC5-74249CA09B4A}"
EndProject
Global
	GlobalSection(SolutionConfigurationPlatforms) = preSolution
		Debug|Any CPU = Debug|Any CPU
		Release|Any CPU = Release|Any CPU
	EndGlobalSection
	GlobalSection(ProjectConfigurationPlatforms) = postSolution
		{84A20D39-010C-4DE3-8EC5-74249CA09B4A}.Debug|Any CPU.ActiveCfg = Debug|Any CPU
		{84A20D39-010C-4DE3-8EC5-74249CA09B4A}.Debug|Any CPU.Build.0 = Debug|Any CPU
		{84A20D39-010C-4DE3-8EC5-74249CA09B4A}.Release|Any CPU.ActiveCfg = Release|Any CPU
		{84A20D39-010C-4DE3-8EC5-74249CA09B4A}.Release|Any CPU.Build.0 = Release|Any CPU
	EndGlobalSection
	GlobalSection(SolutionProperties) = preSolution
		HideSolutionNode = FALSE
	EndGlobalSection
	GlobalSection(ExtensibilityGlobals) = postSolution
		SolutionGuid = {176E520D-880B-4F11-A2A1-A3430F26348F}
	EndGlobalSection
EndGlobal
